
Microsoft Visual Studio Solution File, Format Version 12.00
# Visual Studio Version 17
VisualStudioVersion = 17.9.34616.47
MinimumVisualStudioVersion = 10.0.40219.1
Project("{FAE04EC0-301F-11D3-BF4B-00C04F79EFBC}") = "main", "main\main.csproj", "{97C97A98-6A80-484F-99FC-8EF36D3C65B9}"
EndProject
Global
	GlobalSection(SolutionConfigurationPlatforms) = preSolution
		Debug|Any CPU = Debug|Any CPU
		Release|Any CPU = Release|Any CPU
	EndGlobalSection
	GlobalSection(ProjectConfigurationPlatforms) = postSolution
		{97C97A98-6A80-484F-99FC-8EF36D3C65B9}.Debug|Any CPU.ActiveCfg = Debug|Any CPU
		{97C97A98-6A80-484F-99FC-8EF36D3C65B9}.Debug|Any CPU.Build.0 = Debug|Any CPU
		{97C97A98-6A80-484F-99FC-8EF36D3C65B9}.Release|Any CPU.ActiveCfg = Release|Any CPU
		{97C97A98-6A80-484F-99FC-8EF36D3C65B9}.Release|Any CPU.Build.0 = Release|Any CPU
	EndGlobalSection
	GlobalSection(SolutionProperties) = preSolution
		HideSolutionNode = FALSE
	EndGlobalSection
	GlobalSection(ExtensibilityGlobals) = postSolution
		SolutionGuid = {CFF465C3-30AE-4C07-854B-6506A4259313}
	EndGlobalSection
EndGlobal
